
Microsoft Visual Studio Solution File, Format Version 12.00
# Visual Studio Version 16
VisualStudioVersion = 16.0.31624.102
MinimumVisualStudioVersion = 10.0.40219.1
Project("{FAE04EC0-301F-11D3-BF4B-00C04F79EFBC}") = "Lab9-10", "Lab9-10\Lab9-10.csproj", "{CF6348B1-5C51-4FB0-9B33-42BD2C01AB54}"
EndProject
Global
	GlobalSection(SolutionConfigurationPlatforms) = preSolution
		Debug|Any CPU = Debug|Any CPU
		Release|Any CPU = Release|Any CPU
	EndGlobalSection
	GlobalSection(ProjectConfigurationPlatforms) = postSolution
		{CF6348B1-5C51-4FB0-9B33-42BD2C01AB54}.Debug|Any CPU.ActiveCfg = Debug|Any CPU
		{CF6348B1-5C51-4FB0-9B33-42BD2C01AB54}.Debug|Any CPU.Build.0 = Debug|Any CPU
		{CF6348B1-5C51-4FB0-9B33-42BD2C01AB54}.Release|Any CPU.ActiveCfg = Release|Any CPU
		{CF6348B1-5C51-4FB0-9B33-42BD2C01AB54}.Release|Any CPU.Build.0 = Release|Any CPU
	EndGlobalSection
	GlobalSection(SolutionProperties) = preSolution
		HideSolutionNode = FALSE
	EndGlobalSection
	GlobalSection(ExtensibilityGlobals) = postSolution
		SolutionGuid = {FDF4CEED-BA28-4EE3-973E-07F1C32ED120}
	EndGlobalSection
EndGlobal
